<?xml version="1.0" encoding="utf-8"?>
<Project ToolsVersion="4.0" xmlns="http://schemas.microsoft.com/developer/msbuild/2003">
  <ItemGroup>
    <Filter Include="Source Files">
      <UniqueIdentifier>{4FC737F1-C7A5-4376-A066-2A32D752A2FF}</UniqueIdentifier>
      <Extensions>cpp;c;cc;cxx;c++;cppm;ixx;def;odl;idl;hpj;bat;asm;asmx</Extensions>
    </Filter>
    <Filter Include="Header Files">
      <UniqueIdentifier>{93995380-89BD-4b04-88EB-625FBE52EBFB}</UniqueIdentifier>
      <Extensions>h;hh;hpp;hxx;h++;hm;inl;inc;ipp;xsd</Extensions>
    </Filter>
    <Filter Include="Resource Files">
      <UniqueIdentifier>{67DA6AB6-F800-4c08-8B7A-83BB121AAD01}</UniqueIdentifier>
      <Extensions>rc;ico;cur;bmp;dlg;rc2;rct;bin;rgs;gif;jpg;jpeg;jpe;resx;tiff;tif;png;wav;mfcribbon-ms</Extensions>
    </Filter>
    <Filter Include="Shader">
      <UniqueIdentifier>{67187ceb-7fe0-497b-a7b6-3a9ed1eff731}</UniqueIdentifier>
    </Filter>
    <Filter Include="Header Files\Macros">
      <UniqueIdentifier>{36a35764-4850-419a-9b7b-a7b154c742db}</UniqueIdentifier>
    </Filter>
    <Filter Include="Header Files\Bindable">
      <UniqueIdentifier>{444cc63b-b0f5-4571-813b-7a923011ac3c}</UniqueIdentifier>
    </Filter>
    <Filter Include="Source Files\Bindable">
      <UniqueIdentifier>{4e53177d-cbef-47fa-8df8-e878aa9ac2d6}</UniqueIdentifier>
    </Filter>
    <Filter Include="Header Files\Drawable">
      <UniqueIdentifier>{8b360843-37e2-49d5-9a10-9b2074536464}</UniqueIdentifier>
    </Filter>
    <Filter Include="Source Files\Drawable">
      <UniqueIdentifier>{04ee8d33-69b0-4408-ab15-79bb3b6df841}</UniqueIdentifier>
    </Filter>
    <Filter Include="Header Files\GeometryPrimitives">
      <UniqueIdentifier>{b47f45a8-35a6-451a-ac63-f44e9b1ac565}</UniqueIdentifier>
    </Filter>
    <Filter Include="Header Files\GDI">
      <UniqueIdentifier>{97acd16c-967c-449f-abd9-1480efb6b5ee}</UniqueIdentifier>
    </Filter>
    <Filter Include="Source Files\GDI">
      <UniqueIdentifier>{622d8f61-008f-4c5f-8397-368416272b9b}</UniqueIdentifier>
    </Filter>
    <Filter Include="Source Files\imgui">
      <UniqueIdentifier>{0f5683b2-800f-47c5-89c7-7ddfde9aa770}</UniqueIdentifier>
    </Filter>
    <Filter Include="Header Files\imgui">
      <UniqueIdentifier>{961b1673-05ea-4fb6-a565-d4f0705004b0}</UniqueIdentifier>
    </Filter>
    <Filter Include="Header Files\DynamicConstantBuffer">
      <UniqueIdentifier>{b4f806db-8d37-46de-9127-bc0a51d8b095}</UniqueIdentifier>
    </Filter>
    <Filter Include="Resource Files\DynamicConstantantBuffer">
      <UniqueIdentifier>{1007ad2e-6717-444f-a4d3-bd4155e50dee}</UniqueIdentifier>
    </Filter>
    <Filter Include="Header Files\Jobber">
      <UniqueIdentifier>{0f3dff76-5426-47cb-9fe7-c5f320b03e15}</UniqueIdentifier>
    </Filter>
    <Filter Include="Source Files\Jobber">
      <UniqueIdentifier>{1b57ece3-76bd-41fd-b0a4-f35990bfe73b}</UniqueIdentifier>
    </Filter>
    <Filter Include="Header Files\Material">
      <UniqueIdentifier>{9e543efa-1816-4a3c-ab9a-e97e7cfe4c86}</UniqueIdentifier>
    </Filter>
    <Filter Include="Header Files\ModelSystem">
      <UniqueIdentifier>{9ab48b7d-4cc0-4149-8a76-60586838f436}</UniqueIdentifier>
    </Filter>
    <Filter Include="Source Files\ModelSystem">
      <UniqueIdentifier>{5e1fefeb-a2bf-4db5-a223-e3b5ab4bee5c}</UniqueIdentifier>
    </Filter>
    <Filter Include="Header Files\RenderAssets">
      <UniqueIdentifier>{37e5a85d-860f-49bc-97cc-2436f01bf8b3}</UniqueIdentifier>
    </Filter>
    <Filter Include="Header Files\Blurr">
      <UniqueIdentifier>{fc1ed476-bf85-4e9d-a43d-52b82e069328}</UniqueIdentifier>
    </Filter>
    <Filter Include="Header Files\Jobber\RenderGraph">
      <UniqueIdentifier>{cfbc7af0-f51c-4824-8cbd-9a0017487515}</UniqueIdentifier>
    </Filter>
    <Filter Include="Source Files\Jobber\RenderGraph">
      <UniqueIdentifier>{cfa08aae-0b27-4b54-b90d-ca537137c73a}</UniqueIdentifier>
    </Filter>
    <Filter Include="Header Files\Jobber\RenderGraph\Different_Passes">
      <UniqueIdentifier>{59bebf88-f94b-431b-9974-8cc59470d7e8}</UniqueIdentifier>
    </Filter>
    <Filter Include="Source Files\Jobber\RenderGraph\Different_Passes">
      <UniqueIdentifier>{17be37d4-0987-411a-be84-a10ad708d0e8}</UniqueIdentifier>
    </Filter>
    <Filter Include="Source Files\RenderAssets">
      <UniqueIdentifier>{3e98f2cf-deb8-440e-8441-86ddf8748794}</UniqueIdentifier>
    </Filter>
    <Filter Include="Header Files\Camera">
      <UniqueIdentifier>{4419c396-bade-45f1-b80e-94c00761009a}</UniqueIdentifier>
    </Filter>
    <Filter Include="Source Files\Camera">
      <UniqueIdentifier>{acc5d88e-6ade-40fb-961e-d0e23b57a46e}</UniqueIdentifier>
    </Filter>
  </ItemGroup>
  <ItemGroup>
    <ClCompile Include="WinMain.cpp">
      <Filter>Source Files</Filter>
    </ClCompile>
    <ClCompile Include="WindowMessageMap.cpp">
      <Filter>Source Files</Filter>
    </ClCompile>
    <ClCompile Include="Window.cpp">
      <Filter>Source Files</Filter>
    </ClCompile>
    <ClCompile Include="ChiliException.cpp">
      <Filter>Source Files</Filter>
    </ClCompile>
    <ClCompile Include="StringToWstring.cpp">
      <Filter>Source Files</Filter>
    </ClCompile>
    <ClCompile Include="Keyboard.cpp">
      <Filter>Source Files</Filter>
    </ClCompile>
    <ClCompile Include="Mouse.cpp">
      <Filter>Source Files</Filter>
    </ClCompile>
    <ClCompile Include="App.cpp">
      <Filter>Source Files</Filter>
    </ClCompile>
    <ClCompile Include="Timer.cpp">
      <Filter>Source Files</Filter>
    </ClCompile>
    <ClCompile Include="Graphics.cpp">
      <Filter>Source Files</Filter>
    </ClCompile>
    <ClCompile Include="GetErrorStringFromHresult.cpp">
      <Filter>Source Files</Filter>
    </ClCompile>
    <ClCompile Include="DxgiInfoManager.cpp">
      <Filter>Source Files</Filter>
    </ClCompile>
    <ClCompile Include="IndexBuffer.cpp">
      <Filter>Source Files\Bindable</Filter>
    </ClCompile>
    <ClCompile Include="InputLayout.cpp">
      <Filter>Source Files\Bindable</Filter>
    </ClCompile>
    <ClCompile Include="PixelShader.cpp">
      <Filter>Source Files\Bindable</Filter>
    </ClCompile>
    <ClCompile Include="Topology.cpp">
      <Filter>Source Files\Bindable</Filter>
    </ClCompile>
    <ClCompile Include="VertexBuffer.cpp">
      <Filter>Source Files\Bindable</Filter>
    </ClCompile>
    <ClCompile Include="VertexShader.cpp">
      <Filter>Source Files\Bindable</Filter>
    </ClCompile>
    <ClCompile Include="Drawable.cpp">
      <Filter>Source Files\Drawable</Filter>
    </ClCompile>
    <ClCompile Include="TransformCbuf.cpp">
      <Filter>Source Files\Bindable</Filter>
    </ClCompile>
    <ClCompile Include="Bindable.cpp">
      <Filter>Source Files\Bindable</Filter>
    </ClCompile>
    <ClCompile Include="Surface.cpp">
      <Filter>Source Files\GDI</Filter>
    </ClCompile>
    <ClCompile Include="Texture.cpp">
      <Filter>Source Files\Bindable</Filter>
    </ClCompile>
    <ClCompile Include="Sampler.cpp">
      <Filter>Source Files\Bindable</Filter>
    </ClCompile>
    <ClCompile Include="imgui\imgui.cpp">
      <Filter>Source Files\imgui</Filter>
    </ClCompile>
    <ClCompile Include="imgui\imgui_demo.cpp">
      <Filter>Source Files\imgui</Filter>
    </ClCompile>
    <ClCompile Include="imgui\imgui_draw.cpp">
      <Filter>Source Files\imgui</Filter>
    </ClCompile>
    <ClCompile Include="imgui\imgui_impl_dx11.cpp">
      <Filter>Source Files\imgui</Filter>
    </ClCompile>
    <ClCompile Include="imgui\imgui_impl_win32.cpp">
      <Filter>Source Files\imgui</Filter>
    </ClCompile>
    <ClCompile Include="imgui\imgui_widgets.cpp">
      <Filter>Source Files\imgui</Filter>
    </ClCompile>
    <ClCompile Include="ImguiManager.cpp">
      <Filter>Source Files</Filter>
    </ClCompile>
    <ClCompile Include="PointLight.cpp">
      <Filter>Source Files</Filter>
    </ClCompile>
    <ClCompile Include="SolidSphere.cpp">
      <Filter>Source Files\Drawable</Filter>
    </ClCompile>
    <ClCompile Include="Vertex.cpp">
      <Filter>Source Files</Filter>
    </ClCompile>
    <ClCompile Include="TestPlane.cpp">
      <Filter>Source Files\Drawable</Filter>
    </ClCompile>
    <ClCompile Include="TransformCbufDoubleBoi.cpp">
      <Filter>Source Files\Bindable</Filter>
    </ClCompile>
    <ClCompile Include="TestCube.cpp">
      <Filter>Source Files\Drawable</Filter>
    </ClCompile>
    <ClCompile Include="Blender.cpp">
      <Filter>Source Files\Bindable</Filter>
    </ClCompile>
    <ClCompile Include="Rasterizer.cpp">
      <Filter>Source Files\Bindable</Filter>
    </ClCompile>
    <ClCompile Include="ChilliStringUtils.cpp">
      <Filter>Source Files</Filter>
    </ClCompile>
    <ClCompile Include="ScriptCommander.cpp">
      <Filter>Source Files</Filter>
    </ClCompile>
    <ClCompile Include="DynamicConstantBuffer.cpp">
      <Filter>Resource Files\DynamicConstantantBuffer</Filter>
    </ClCompile>
    <ClCompile Include="Testing.cpp">
      <Filter>Resource Files</Filter>
    </ClCompile>
    <ClCompile Include="LayoutCodex.cpp">
      <Filter>Resource Files\DynamicConstantantBuffer</Filter>
    </ClCompile>
    <ClCompile Include="Job.cpp">
      <Filter>Source Files\Jobber</Filter>
    </ClCompile>
    <ClCompile Include="Step.cpp">
      <Filter>Source Files\Jobber</Filter>
    </ClCompile>
    <ClCompile Include="Technique.cpp">
      <Filter>Source Files\Jobber</Filter>
    </ClCompile>
    <ClCompile Include="Material.cpp">
      <Filter>Source Files</Filter>
    </ClCompile>
    <ClCompile Include="Node.cpp">
      <Filter>Source Files\ModelSystem</Filter>
    </ClCompile>
    <ClCompile Include="Mesh.cpp">
      <Filter>Source Files\ModelSystem</Filter>
    </ClCompile>
    <ClCompile Include="Model.cpp">
      <Filter>Source Files\ModelSystem</Filter>
    </ClCompile>
    <ClCompile Include="ModelException.cpp">
      <Filter>Source Files\ModelSystem</Filter>
    </ClCompile>
    <ClCompile Include="ModelWindow.cpp">
      <Filter>Source Files\ModelSystem</Filter>
    </ClCompile>
    <ClCompile Include="ChilliXM.cpp">
      <Filter>Source Files</Filter>
    </ClCompile>
    <ClCompile Include="GraphicsResourse.cpp">
      <Filter>Source Files</Filter>
    </ClCompile>
    <ClCompile Include="Sink.cpp">
      <Filter>Source Files\Jobber\RenderGraph</Filter>
    </ClCompile>
    <ClCompile Include="Pass.cpp">
      <Filter>Source Files\Jobber\RenderGraph</Filter>
    </ClCompile>
    <ClCompile Include="BindingPass.cpp">
      <Filter>Source Files\Jobber\RenderGraph\Different_Passes</Filter>
    </ClCompile>
    <ClCompile Include="BufferResource.cpp">
      <Filter>Source Files</Filter>
    </ClCompile>
    <ClCompile Include="Source.cpp">
      <Filter>Source Files\Jobber\RenderGraph</Filter>
    </ClCompile>
    <ClCompile Include="RenderTarget.cpp">
      <Filter>Source Files\RenderAssets</Filter>
    </ClCompile>
    <ClCompile Include="DepthStencil.cpp">
      <Filter>Source Files\RenderAssets</Filter>
    </ClCompile>
    <ClCompile Include="Camera.cpp">
      <Filter>Source Files\Camera</Filter>
    </ClCompile>
    <ClCompile Include="CameraContainer.cpp">
      <Filter>Source Files\Camera</Filter>
    </ClCompile>
    <ClCompile Include="Projection.cpp">
      <Filter>Source Files\Camera</Filter>
    </ClCompile>
    <ClCompile Include="CameraIndicator.cpp">
      <Filter>Source Files\Camera</Filter>
    </ClCompile>
    <ClCompile Include="Frustrum.cpp">
      <Filter>Source Files\Camera</Filter>
    </ClCompile>
  </ItemGroup>
  <ItemGroup>
    <ClInclude Include="WindowMessageMap.hpp">
      <Filter>Header Files</Filter>
    </ClInclude>
    <ClInclude Include="Window.hpp">
      <Filter>Header Files</Filter>
    </ClInclude>
    <ClInclude Include="MyWin.hpp">
      <Filter>Header Files</Filter>
    </ClInclude>
    <ClInclude Include="ChiliException.hpp">
      <Filter>Header Files</Filter>
    </ClInclude>
    <ClInclude Include="StringToWstring.hpp">
      <Filter>Header Files</Filter>
    </ClInclude>
    <ClInclude Include="resource.h">
      <Filter>Header Files</Filter>
    </ClInclude>
    <ClInclude Include="resource1.h">
      <Filter>Header Files</Filter>
    </ClInclude>
    <ClInclude Include="Keyboard.hpp">
      <Filter>Header Files</Filter>
    </ClInclude>
    <ClInclude Include="Mouse.hpp">
      <Filter>Header Files</Filter>
    </ClInclude>
    <ClInclude Include="App.hpp">
      <Filter>Header Files</Filter>
    </ClInclude>
    <ClInclude Include="Timer.hpp">
      <Filter>Header Files</Filter>
    </ClInclude>
    <ClInclude Include="Graphics.hpp">
      <Filter>Header Files</Filter>
    </ClInclude>
    <ClInclude Include="DxgiInfoManager.hpp">
      <Filter>Header Files</Filter>
    </ClInclude>
    <ClInclude Include="WindowThrowHeader.h">
      <Filter>Header Files\Macros</Filter>
    </ClInclude>
    <ClInclude Include="GraphicsThrowHeader.h">
      <Filter>Header Files\Macros</Filter>
    </ClInclude>
    <ClInclude Include="Bindable.h">
      <Filter>Header Files\Bindable</Filter>
    </ClInclude>
    <ClInclude Include="IndexBuffer.h">
      <Filter>Header Files\Bindable</Filter>
    </ClInclude>
    <ClInclude Include="InputLayout.h">
      <Filter>Header Files\Bindable</Filter>
    </ClInclude>
    <ClInclude Include="PixelShader.h">
      <Filter>Header Files\Bindable</Filter>
    </ClInclude>
    <ClInclude Include="Topology.h">
      <Filter>Header Files\Bindable</Filter>
    </ClInclude>
    <ClInclude Include="VertexBuffer.h">
      <Filter>Header Files\Bindable</Filter>
    </ClInclude>
    <ClInclude Include="VertexShader.h">
      <Filter>Header Files\Bindable</Filter>
    </ClInclude>
    <ClInclude Include="ConstantBuffers.h">
      <Filter>Header Files\Bindable</Filter>
    </ClInclude>
    <ClInclude Include="BindableCommon.h">
      <Filter>Header Files\Bindable</Filter>
    </ClInclude>
    <ClInclude Include="Drawable.h">
      <Filter>Header Files\Drawable</Filter>
    </ClInclude>
    <ClInclude Include="TransformCbuf.h">
      <Filter>Header Files\Bindable</Filter>
    </ClInclude>
    <ClInclude Include="IndexedTriangleList.h">
      <Filter>Header Files\GeometryPrimitives</Filter>
    </ClInclude>
    <ClInclude Include="Cube.h">
      <Filter>Header Files\GeometryPrimitives</Filter>
    </ClInclude>
    <ClInclude Include="Cone.h">
      <Filter>Header Files\GeometryPrimitives</Filter>
    </ClInclude>
    <ClInclude Include="Plane.h">
      <Filter>Header Files\GeometryPrimitives</Filter>
    </ClInclude>
    <ClInclude Include="Prism.h">
      <Filter>Header Files\GeometryPrimitives</Filter>
    </ClInclude>
    <ClInclude Include="Sphere.h">
      <Filter>Header Files\GeometryPrimitives</Filter>
    </ClInclude>
    <ClInclude Include="Surface.h">
      <Filter>Header Files\GDI</Filter>
    </ClInclude>
    <ClInclude Include="Texture.h">
      <Filter>Header Files\Bindable</Filter>
    </ClInclude>
    <ClInclude Include="Sampler.h">
      <Filter>Header Files\Bindable</Filter>
    </ClInclude>
    <ClInclude Include="imgui\imgui.h">
      <Filter>Header Files\imgui</Filter>
    </ClInclude>
    <ClInclude Include="imgui\imgui_internal.h">
      <Filter>Header Files\imgui</Filter>
    </ClInclude>
    <ClInclude Include="imgui\imstb_rectpack.h">
      <Filter>Header Files\imgui</Filter>
    </ClInclude>
    <ClInclude Include="imgui\imstb_textedit.h">
      <Filter>Header Files\imgui</Filter>
    </ClInclude>
    <ClInclude Include="imgui\imstb_truetype.h">
      <Filter>Header Files\imgui</Filter>
    </ClInclude>
    <ClInclude Include="imgui\imgui_impl_dx11.h">
      <Filter>Header Files\imgui</Filter>
    </ClInclude>
    <ClInclude Include="imgui\imgui_impl_win32.h">
      <Filter>Header Files\imgui</Filter>
    </ClInclude>
    <ClInclude Include="imgui\imconfig.h">
      <Filter>Header Files\imgui</Filter>
    </ClInclude>
    <ClInclude Include="ImguiManager.h">
      <Filter>Header Files</Filter>
    </ClInclude>
    <ClInclude Include="PointLight.h">
      <Filter>Header Files</Filter>
    </ClInclude>
    <ClInclude Include="MyCone.h">
      <Filter>Header Files\GeometryPrimitives</Filter>
    </ClInclude>
    <ClInclude Include="ChiliMath.h">
      <Filter>Header Files</Filter>
    </ClInclude>
    <ClInclude Include="Vertex.h">
      <Filter>Header Files</Filter>
    </ClInclude>
    <ClInclude Include="Color.h">
      <Filter>Header Files</Filter>
    </ClInclude>
    <ClInclude Include="ConditionalNoexcept.h">
      <Filter>Header Files</Filter>
    </ClInclude>
    <ClInclude Include="SolidSphere.h">
      <Filter>Header Files\Drawable</Filter>
    </ClInclude>
    <ClInclude Include="BindableCodex.h">
      <Filter>Header Files\Bindable</Filter>
    </ClInclude>
    <ClInclude Include="TestPlane.h">
      <Filter>Header Files\Drawable</Filter>
    </ClInclude>
    <ClInclude Include="TransformCbufDoubleBoi.h">
      <Filter>Header Files\Bindable</Filter>
    </ClInclude>
    <ClInclude Include="TestCube.h">
      <Filter>Header Files\Drawable</Filter>
    </ClInclude>
    <ClInclude Include="NormalMapTwerker.h">
      <Filter>Header Files</Filter>
    </ClInclude>
    <ClInclude Include="Blender.h">
      <Filter>Header Files\Bindable</Filter>
    </ClInclude>
    <ClInclude Include="Rasterizer.h">
      <Filter>Header Files\Bindable</Filter>
    </ClInclude>
    <ClInclude Include="ChilliStringUtils.h">
      <Filter>Header Files</Filter>
    </ClInclude>
    <ClInclude Include="json.h">
      <Filter>Header Files</Filter>
    </ClInclude>
    <ClInclude Include="ScriptCommander.h">
      <Filter>Header Files</Filter>
    </ClInclude>
    <ClInclude Include="DynamicConstantBuffer.h">
      <Filter>Header Files\DynamicConstantBuffer</Filter>
    </ClInclude>
    <ClInclude Include="Testing.h">
      <Filter>Header Files</Filter>
    </ClInclude>
    <ClInclude Include="LayoutCodex.h">
      <Filter>Header Files\DynamicConstantBuffer</Filter>
    </ClInclude>
    <ClInclude Include="Stencel.h">
      <Filter>Header Files\Bindable</Filter>
    </ClInclude>
    <ClInclude Include="Technique.h">
      <Filter>Header Files\Jobber</Filter>
    </ClInclude>
    <ClInclude Include="Step.h">
      <Filter>Header Files\Jobber</Filter>
    </ClInclude>
    <ClInclude Include="Job.h">
      <Filter>Header Files\Jobber</Filter>
    </ClInclude>
    <ClInclude Include="FrameCommander.h">
      <Filter>Header Files\Jobber</Filter>
    </ClInclude>
    <ClInclude Include="NonePixelShader.h">
      <Filter>Header Files\Bindable</Filter>
    </ClInclude>
    <ClInclude Include="ConstantBufferEx.h">
      <Filter>Header Files\Bindable</Filter>
    </ClInclude>
    <ClInclude Include="TechniqueProbe.h">
      <Filter>Header Files\Jobber</Filter>
    </ClInclude>
    <ClInclude Include="Material.h">
      <Filter>Header Files\Material</Filter>
    </ClInclude>
    <ClInclude Include="Node.h">
      <Filter>Header Files\ModelSystem</Filter>
    </ClInclude>
    <ClInclude Include="Mesh.h">
      <Filter>Header Files\ModelSystem</Filter>
    </ClInclude>
    <ClInclude Include="Model.h">
      <Filter>Header Files\ModelSystem</Filter>
    </ClInclude>
    <ClInclude Include="ModelException.h">
      <Filter>Header Files\ModelSystem</Filter>
    </ClInclude>
    <ClInclude Include="ModelWindow.h">
      <Filter>Header Files\ModelSystem</Filter>
    </ClInclude>
    <ClInclude Include="ModelProbe.h">
      <Filter>Header Files\Jobber</Filter>
    </ClInclude>
    <ClInclude Include="ChilliXM.h">
      <Filter>Header Files</Filter>
    </ClInclude>
    <ClInclude Include="RenderTarget.h">
      <Filter>Header Files\RenderAssets</Filter>
    </ClInclude>
    <ClInclude Include="GraphicsResourse.h">
      <Filter>Header Files</Filter>
    </ClInclude>
    <ClInclude Include="DepthStencil.h">
      <Filter>Header Files\RenderAssets</Filter>
    </ClInclude>
    <ClInclude Include="BlurManager.h">
      <Filter>Header Files\Blurr</Filter>
    </ClInclude>
    <ClInclude Include="Pass.h">
      <Filter>Header Files\Jobber\RenderGraph</Filter>
    </ClInclude>
    <ClInclude Include="Sink.h">
      <Filter>Header Files\Jobber\RenderGraph</Filter>
    </ClInclude>
    <ClInclude Include="BufferResource.h">
      <Filter>Header Files\RenderAssets</Filter>
    </ClInclude>
    <ClInclude Include="Source.h">
      <Filter>Header Files\Jobber\RenderGraph</Filter>
    </ClInclude>
    <ClInclude Include="RGException.h">
      <Filter>Header Files\Jobber\RenderGraph</Filter>
    </ClInclude>
    <ClInclude Include="RenderGraph.h">
      <Filter>Header Files\Jobber\RenderGraph</Filter>
    </ClInclude>
    <ClInclude Include="BindingPass.h">
      <Filter>Header Files\Jobber\RenderGraph\Different_Passes</Filter>
    </ClInclude>
    <ClInclude Include="ClearBufferPass.h">
      <Filter>Header Files\Jobber\RenderGraph\Different_Passes</Filter>
    </ClInclude>
    <ClInclude Include="RenderQueuPass.h">
      <Filter>Header Files\Jobber\RenderGraph\Different_Passes</Filter>
    </ClInclude>
    <ClInclude Include="FullScreenPass.h">
      <Filter>Header Files\Jobber\RenderGraph\Different_Passes</Filter>
    </ClInclude>
    <ClInclude Include="LambertianPass.h">
      <Filter>Header Files\Jobber\RenderGraph\Different_Passes</Filter>
    </ClInclude>
    <ClInclude Include="OutlineMaskPass.h">
      <Filter>Header Files\Jobber\RenderGraph\Different_Passes</Filter>
    </ClInclude>
    <ClInclude Include="VerticalBlurrPass.h">
      <Filter>Header Files\Jobber\RenderGraph\Different_Passes</Filter>
    </ClInclude>
    <ClInclude Include="OutlineDrawPass.h">
      <Filter>Header Files\Jobber\RenderGraph\Different_Passes</Filter>
    </ClInclude>
    <ClInclude Include="Camera.h">
      <Filter>Header Files\Camera</Filter>
    </ClInclude>
    <ClInclude Include="CameraContainer.h">
      <Filter>Header Files\Camera</Filter>
    </ClInclude>
    <ClInclude Include="Projection.h">
      <Filter>Header Files\Camera</Filter>
    </ClInclude>
    <ClInclude Include="CameraIndicator.h">
      <Filter>Header Files\Camera</Filter>
    </ClInclude>
    <ClInclude Include="Frustrum.h">
      <Filter>Header Files</Filter>
    </ClInclude>
  </ItemGroup>
  <ItemGroup>
    <ResourceCompile Include="AcquitanceDirectX1.rc">
      <Filter>Resource Files</Filter>
    </ResourceCompile>
  </ItemGroup>
  <ItemGroup>
    <Image Include="icon1.ico">
      <Filter>Resource Files</Filter>
    </Image>
    <Image Include="icon2.ico">
      <Filter>Resource Files</Filter>
    </Image>
  </ItemGroup>
  <ItemGroup>
    <FxCompile Include="PhongDif_PS.hlsl">
      <Filter>Shader</Filter>
    </FxCompile>
    <FxCompile Include="PhongDif_VS.hlsl">
      <Filter>Shader</Filter>
    </FxCompile>
    <FxCompile Include="PhongDifNrm_PS.hlsl">
      <Filter>Shader</Filter>
    </FxCompile>
    <FxCompile Include="PhongDifNrm_VS.hlsl">
      <Filter>Shader</Filter>
    </FxCompile>
    <FxCompile Include="PhongDifSpcNrm_PS.hlsl">
      <Filter>Shader</Filter>
    </FxCompile>
    <FxCompile Include="PhongDifSpcNrm_VS.hlsl">
      <Filter>Shader</Filter>
    </FxCompile>
    <FxCompile Include="Phong_VS.hlsl">
      <Filter>Shader</Filter>
    </FxCompile>
    <FxCompile Include="Phong_PS.hlsl">
      <Filter>Shader</Filter>
    </FxCompile>
    <FxCompile Include="PhongDifSpc_PS.hlsl">
      <Filter>Shader</Filter>
    </FxCompile>
    <FxCompile Include="PhongDifMskSpcNrm_PS.hlsl">
      <Filter>Shader</Filter>
    </FxCompile>
    <FxCompile Include="Solid_PS.hlsl">
      <Filter>Shader</Filter>
    </FxCompile>
    <FxCompile Include="Solid_VS.hlsl">
      <Filter>Shader</Filter>
    </FxCompile>
    <FxCompile Include="PhongDifMskSpcNrm_VS.hlsl">
      <Filter>Shader</Filter>
    </FxCompile>
    <FxCompile Include="PhongDifSpc_VS.hlsl">
      <Filter>Shader</Filter>
    </FxCompile>
    <FxCompile Include="Offset_VS.hlsl">
      <Filter>Shader</Filter>
    </FxCompile>
    <FxCompile Include="MapNDStoSurface_VS.hlsl">
      <Filter>Shader</Filter>
    </FxCompile>
    <FxCompile Include="Blurr_PS.hlsl">
      <Filter>Shader</Filter>
    </FxCompile>
    <FxCompile Include="GaussBlur_PS.hlsl">
      <Filter>Shader</Filter>
    </FxCompile>
    <FxCompile Include="GaussBlurOutline_PS.hlsl">
      <Filter>Shader</Filter>
    </FxCompile>
  </ItemGroup>
  <ItemGroup>
    <None Include="ShaderOps.hlsl">
      <Filter>Shader</Filter>
    </None>
    <None Include="PointLight.hlsl">
      <Filter>Shader</Filter>
    </None>
    <None Include="LightVectorData.hlsl">
      <Filter>Shader</Filter>
    </None>
    <None Include="Transformation.hlsl">
      <Filter>Shader</Filter>
    </None>
  </ItemGroup>
</Project>